
Microsoft Visual Studio Solution File, Format Version 12.00
# Visual Studio Version 17
VisualStudioVersion = 17.11.35222.181
MinimumVisualStudioVersion = 10.0.40219.1
Project("{9A19103F-16F7-4668-BE54-9A1E7A4F7556}") = "TableInConsole", "TableInConsole\TableInConsole.csproj", "{1564C4D6-2CF1-4BFD-9450-3491CB70FF2A}"
EndProject
Project("{9A19103F-16F7-4668-BE54-9A1E7A4F7556}") = "CollectionsComparison", "CollectionsComparison\CollectionsComparison.csproj", "{A2F556E5-649E-4916-8F83-E3000D3BB0DB}"
EndProject
Project("{9A19103F-16F7-4668-BE54-9A1E7A4F7556}") = "SolvingQuadraticEquation", "SolvingQuadraticEquation\SolvingQuadraticEquation.csproj", "{52EDB2BA-187C-4C8A-A8AE-DA479344045D}"
EndProject
Project("{9A19103F-16F7-4668-BE54-9A1E7A4F7556}") = "ImplementationOfCollectionClass", "ImplementationOfCollectionClass\ImplementationOfCollectionClass.csproj", "{354877A5-17A4-4EC0-ACF9-DEFC6E8CDDB4}"
EndProject
Project("{9A19103F-16F7-4668-BE54-9A1E7A4F7556}") = "Interfaces", "Interfaces\Interfaces.csproj", "{A2D40026-2B3B-46BF-951A-B17F54898859}"
EndProject
Project("{9A19103F-16F7-4668-BE54-9A1E7A4F7556}") = "AnonymousTypesTuplesLambdaExpressions", "AnonymousTypesTuplesLambdaExpressions\AnonymousTypesTuplesLambdaExpressions.csproj", "{F9BF1338-317F-4F2C-81A4-F7D0E2DC5D87}"
EndProject
Project("{9A19103F-16F7-4668-BE54-9A1E7A4F7556}") = "LoopsAndRecursions", "LoopsAndRecursions\LoopsAndRecursions.csproj", "{1741BDC5-9B66-450E-BDFC-DEB9C9BB1D75}"
EndProject
Project("{9A19103F-16F7-4668-BE54-9A1E7A4F7556}") = "TreesAndHeap", "TreesAndPiles\TreesAndHeap.csproj", "{9E646CCC-AF30-4563-9418-EBE2418370EB}"
EndProject
Project("{9A19103F-16F7-4668-BE54-9A1E7A4F7556}") = "CreatingTelegramBot", "CreatingTelegramBot\CreatingTelegramBot.csproj", "{6429C41C-2CF1-4D2C-9FDE-E19F267FBACE}"
EndProject
Project("{FAE04EC0-301F-11D3-BF4B-00C04F79EFBC}") = "ImplementationOfDictionary", "ImplementationOfDictionary\ImplementationOfDictionary.csproj", "{09BE263F-127C-47F7-81BB-A83D221D13FB}"
EndProject
Global
	GlobalSection(SolutionConfigurationPlatforms) = preSolution
		Debug|Any CPU = Debug|Any CPU
		Release|Any CPU = Release|Any CPU
	EndGlobalSection
	GlobalSection(ProjectConfigurationPlatforms) = postSolution
		{1564C4D6-2CF1-4BFD-9450-3491CB70FF2A}.Debug|Any CPU.ActiveCfg = Debug|Any CPU
		{1564C4D6-2CF1-4BFD-9450-3491CB70FF2A}.Debug|Any CPU.Build.0 = Debug|Any CPU
		{1564C4D6-2CF1-4BFD-9450-3491CB70FF2A}.Release|Any CPU.ActiveCfg = Release|Any CPU
		{1564C4D6-2CF1-4BFD-9450-3491CB70FF2A}.Release|Any CPU.Build.0 = Release|Any CPU
		{A2F556E5-649E-4916-8F83-E3000D3BB0DB}.Debug|Any CPU.ActiveCfg = Debug|Any CPU
		{A2F556E5-649E-4916-8F83-E3000D3BB0DB}.Debug|Any CPU.Build.0 = Debug|Any CPU
		{A2F556E5-649E-4916-8F83-E3000D3BB0DB}.Release|Any CPU.ActiveCfg = Release|Any CPU
		{A2F556E5-649E-4916-8F83-E3000D3BB0DB}.Release|Any CPU.Build.0 = Release|Any CPU
		{52EDB2BA-187C-4C8A-A8AE-DA479344045D}.Debug|Any CPU.ActiveCfg = Debug|Any CPU
		{52EDB2BA-187C-4C8A-A8AE-DA479344045D}.Debug|Any CPU.Build.0 = Debug|Any CPU
		{52EDB2BA-187C-4C8A-A8AE-DA479344045D}.Release|Any CPU.ActiveCfg = Release|Any CPU
		{52EDB2BA-187C-4C8A-A8AE-DA479344045D}.Release|Any CPU.Build.0 = Release|Any CPU
		{354877A5-17A4-4EC0-ACF9-DEFC6E8CDDB4}.Debug|Any CPU.ActiveCfg = Debug|Any CPU
		{354877A5-17A4-4EC0-ACF9-DEFC6E8CDDB4}.Debug|Any CPU.Build.0 = Debug|Any CPU
		{354877A5-17A4-4EC0-ACF9-DEFC6E8CDDB4}.Release|Any CPU.ActiveCfg = Release|Any CPU
		{354877A5-17A4-4EC0-ACF9-DEFC6E8CDDB4}.Release|Any CPU.Build.0 = Release|Any CPU
		{A2D40026-2B3B-46BF-951A-B17F54898859}.Debug|Any CPU.ActiveCfg = Debug|Any CPU
		{A2D40026-2B3B-46BF-951A-B17F54898859}.Debug|Any CPU.Build.0 = Debug|Any CPU
		{A2D40026-2B3B-46BF-951A-B17F54898859}.Release|Any CPU.ActiveCfg = Release|Any CPU
		{A2D40026-2B3B-46BF-951A-B17F54898859}.Release|Any CPU.Build.0 = Release|Any CPU
		{F9BF1338-317F-4F2C-81A4-F7D0E2DC5D87}.Debug|Any CPU.ActiveCfg = Debug|Any CPU
		{F9BF1338-317F-4F2C-81A4-F7D0E2DC5D87}.Debug|Any CPU.Build.0 = Debug|Any CPU
		{F9BF1338-317F-4F2C-81A4-F7D0E2DC5D87}.Release|Any CPU.ActiveCfg = Release|Any CPU
		{F9BF1338-317F-4F2C-81A4-F7D0E2DC5D87}.Release|Any CPU.Build.0 = Release|Any CPU
		{1741BDC5-9B66-450E-BDFC-DEB9C9BB1D75}.Debug|Any CPU.ActiveCfg = Debug|Any CPU
		{1741BDC5-9B66-450E-BDFC-DEB9C9BB1D75}.Debug|Any CPU.Build.0 = Debug|Any CPU
		{1741BDC5-9B66-450E-BDFC-DEB9C9BB1D75}.Release|Any CPU.ActiveCfg = Release|Any CPU
		{1741BDC5-9B66-450E-BDFC-DEB9C9BB1D75}.Release|Any CPU.Build.0 = Release|Any CPU
		{9E646CCC-AF30-4563-9418-EBE2418370EB}.Debug|Any CPU.ActiveCfg = Debug|Any CPU
		{9E646CCC-AF30-4563-9418-EBE2418370EB}.Debug|Any CPU.Build.0 = Debug|Any CPU
		{9E646CCC-AF30-4563-9418-EBE2418370EB}.Release|Any CPU.ActiveCfg = Release|Any CPU
		{9E646CCC-AF30-4563-9418-EBE2418370EB}.Release|Any CPU.Build.0 = Release|Any CPU
		{6429C41C-2CF1-4D2C-9FDE-E19F267FBACE}.Debug|Any CPU.ActiveCfg = Debug|Any CPU
		{6429C41C-2CF1-4D2C-9FDE-E19F267FBACE}.Debug|Any CPU.Build.0 = Debug|Any CPU
		{6429C41C-2CF1-4D2C-9FDE-E19F267FBACE}.Release|Any CPU.ActiveCfg = Release|Any CPU
		{6429C41C-2CF1-4D2C-9FDE-E19F267FBACE}.Release|Any CPU.Build.0 = Release|Any CPU
		{09BE263F-127C-47F7-81BB-A83D221D13FB}.Debug|Any CPU.ActiveCfg = Debug|Any CPU
		{09BE263F-127C-47F7-81BB-A83D221D13FB}.Debug|Any CPU.Build.0 = Debug|Any CPU
		{09BE263F-127C-47F7-81BB-A83D221D13FB}.Release|Any CPU.ActiveCfg = Release|Any CPU
		{09BE263F-127C-47F7-81BB-A83D221D13FB}.Release|Any CPU.Build.0 = Release|Any CPU
	EndGlobalSection
	GlobalSection(SolutionProperties) = preSolution
		HideSolutionNode = FALSE
	EndGlobalSection
	GlobalSection(ExtensibilityGlobals) = postSolution
		SolutionGuid = {33744DDA-107A-4ACA-866E-915C914A6808}
	EndGlobalSection
EndGlobal
